
Microsoft Visual Studio Solution File, Format Version 12.00
# Visual Studio Version 17
VisualStudioVersion = 17.7.34202.233
MinimumVisualStudioVersion = 10.0.40219.1
Project("{FAE04EC0-301F-11D3-BF4B-00C04F79EFBC}") = "20231109 Dijkstra", "20231109 Dijkstra.csproj", "{7119BE17-B6FA-4E0A-8C12-C4CA9D632846}"
EndProject
Global
	GlobalSection(SolutionConfigurationPlatforms) = preSolution
		Debug|Any CPU = Debug|Any CPU
		Release|Any CPU = Release|Any CPU
	EndGlobalSection
	GlobalSection(ProjectConfigurationPlatforms) = postSolution
		{7119BE17-B6FA-4E0A-8C12-C4CA9D632846}.Debug|Any CPU.ActiveCfg = Debug|Any CPU
		{7119BE17-B6FA-4E0A-8C12-C4CA9D632846}.Debug|Any CPU.Build.0 = Debug|Any CPU
		{7119BE17-B6FA-4E0A-8C12-C4CA9D632846}.Release|Any CPU.ActiveCfg = Release|Any CPU
		{7119BE17-B6FA-4E0A-8C12-C4CA9D632846}.Release|Any CPU.Build.0 = Release|Any CPU
	EndGlobalSection
	GlobalSection(SolutionProperties) = preSolution
		HideSolutionNode = FALSE
	EndGlobalSection
	GlobalSection(ExtensibilityGlobals) = postSolution
		SolutionGuid = {63D40DF4-4E30-449F-AD7D-D6A7918718C2}
	EndGlobalSection
EndGlobal
